<?xml version="1.0" encoding="utf-8"?>
<Project ToolsVersion="17.0" xmlns="http://schemas.microsoft.com/developer/msbuild/2003">
  <ItemGroup>
    <ClCompile Include="D:\code\TrafficMonitorPlugins-TextReader_V1.02\Plugins\TextReader\TextReader.cpp">
      <Filter>Source Files</Filter>
    </ClCompile>
    <ClCompile Include="D:\code\TrafficMonitorPlugins-TextReader_V1.02\Plugins\TextReader\TextReaderItem.cpp">
      <Filter>Source Files</Filter>
    </ClCompile>
    <ClCompile Include="D:\code\TrafficMonitorPlugins-TextReader_V1.02\Plugins\TextReader\DataManager.cpp">
      <Filter>Source Files</Filter>
    </ClCompile>
    <ClCompile Include="D:\code\TrafficMonitorPlugins-TextReader_V1.02\Plugins\TextReader\Common.cpp">
      <Filter>Source Files</Filter>
    </ClCompile>
    <ClCompile Include="D:\code\TrafficMonitorPlugins-TextReader_V1.02\Plugins\TextReader\ChapterParser.cpp">
      <Filter>Source Files</Filter>
    </ClCompile>
    <ClCompile Include="D:\code\TrafficMonitorPlugins-TextReader_V1.02\Plugins\TextReader\ChapterDlg.cpp">
      <Filter>Source Files</Filter>
    </ClCompile>
    <ClCompile Include="D:\code\TrafficMonitorPlugins-TextReader_V1.02\Plugins\TextReader\BookmarkMgr.cpp">
      <Filter>Source Files</Filter>
    </ClCompile>
    <ClCompile Include="D:\code\TrafficMonitorPlugins-TextReader_V1.02\Plugins\TextReader\BookmarkDlg.cpp">
      <Filter>Source Files</Filter>
    </ClCompile>
    <ClCompile Include="D:\code\TrafficMonitorPlugins-TextReader_V1.02\Plugins\TextReader\OptionsDlg.cpp">
      <Filter>Source Files</Filter>
    </ClCompile>
    <ClCompile Include="D:\code\TrafficMonitorPlugins-TextReader_V1.02\Plugins\TextReader\OptionsContainerDlg.cpp">
      <Filter>Source Files</Filter>
    </ClCompile>
    <ClCompile Include="D:\code\TrafficMonitorPlugins-TextReader_V1.02\Plugins\TextReader\TabCtrlEx.cpp">
      <Filter>Source Files</Filter>
    </ClCompile>
    <ClCompile Include="D:\code\TrafficMonitorPlugins-TextReader_V1.02\Plugins\TextReader\pch.cpp">
      <Filter>Source Files</Filter>
    </ClCompile>
    <ClCompile Include="D:\code\TrafficMonitorPlugins-TextReader_V1.02\utilities\Common.cpp">
      <Filter>Source Files</Filter>
    </ClCompile>
    <ClCompile Include="D:\code\TrafficMonitorPlugins-TextReader_V1.02\utilities\FilePathHelper.cpp">
      <Filter>Source Files</Filter>
    </ClCompile>
    <ClCompile Include="D:\code\TrafficMonitorPlugins-TextReader_V1.02\utilities\IniHelper.cpp">
      <Filter>Source Files</Filter>
    </ClCompile>
    <ClCompile Include="D:\code\TrafficMonitorPlugins-TextReader_V1.02\utilities\JsonHelper.cpp">
      <Filter>Source Files</Filter>
    </ClCompile>
    <ClCompile Include="D:\code\TrafficMonitorPlugins-TextReader_V1.02\utilities\Variant.cpp">
      <Filter>Source Files</Filter>
    </ClCompile>
    <ClCompile Include="D:\code\TrafficMonitorPlugins-TextReader_V1.02\utilities\bass64\base64.cpp">
      <Filter>Source Files</Filter>
    </ClCompile>
  </ItemGroup>
  <ItemGroup>
    <CustomBuild Include="D:\code\TrafficMonitorPlugins-TextReader_V1.02\Plugins\TextReader\CMakeLists.txt" />
  </ItemGroup>
  <ItemGroup>
    <ResourceCompile Include="D:\code\TrafficMonitorPlugins-TextReader_V1.02\Plugins\TextReader\TextReader.rc">
      <Filter>Source Files</Filter>
    </ResourceCompile>
  </ItemGroup>
  <ItemGroup>
    <Filter Include="Source Files">
      <UniqueIdentifier>{8E52F417-15AA-38EE-952C-3896867015B2}</UniqueIdentifier>
    </Filter>
  </ItemGroup>
</Project>
